
Microsoft Visual Studio Solution File, Format Version 12.00
# Visual Studio Version 16
VisualStudioVersion = 16.0.32630.194
MinimumVisualStudioVersion = 10.0.40219.1
Project("{FAE04EC0-301F-11D3-BF4B-00C04F79EFBC}") = "ApiRest.Elearning", "ApiRest.Elearning\ApiRest.Elearning.csproj", "{BE26BCEA-8AED-4179-8D54-6E3A068F6315}"
EndProject
Global
	GlobalSection(SolutionConfigurationPlatforms) = preSolution
		Debug|Any CPU = Debug|Any CPU
		Release|Any CPU = Release|Any CPU
	EndGlobalSection
	GlobalSection(ProjectConfigurationPlatforms) = postSolution
		{BE26BCEA-8AED-4179-8D54-6E3A068F6315}.Debug|Any CPU.ActiveCfg = Debug|Any CPU
		{BE26BCEA-8AED-4179-8D54-6E3A068F6315}.Debug|Any CPU.Build.0 = Debug|Any CPU
		{BE26BCEA-8AED-4179-8D54-6E3A068F6315}.Release|Any CPU.ActiveCfg = Release|Any CPU
		{BE26BCEA-8AED-4179-8D54-6E3A068F6315}.Release|Any CPU.Build.0 = Release|Any CPU
	EndGlobalSection
	GlobalSection(SolutionProperties) = preSolution
		HideSolutionNode = FALSE
	EndGlobalSection
	GlobalSection(ExtensibilityGlobals) = postSolution
		SolutionGuid = {052C1FC4-C089-45CC-87CA-8ADB3781B25B}
	EndGlobalSection
EndGlobal
